// !$*UTF8*$!
{
	archiveVersion = 1;
	classes = {
	};
	objectVersion = 55;
	objects = {

/* Begin PBXBuildFile section */
		DE36DA11287E58C300BCAA97 /* myPokedexApp.swift in Sources */ = {isa = PBXBuildFile; fileRef = DE36DA10287E58C300BCAA97 /* myPokedexApp.swift */; };
		DE36DA13287E58C300BCAA97 /* ContentView.swift in Sources */ = {isa = PBXBuildFile; fileRef = DE36DA12287E58C300BCAA97 /* ContentView.swift */; };
		DE36DA15287E58C500BCAA97 /* Assets.xcassets in Resources */ = {isa = PBXBuildFile; fileRef = DE36DA14287E58C500BCAA97 /* Assets.xcassets */; };
		DE36DA18287E58C500BCAA97 /* Preview Assets.xcassets in Resources */ = {isa = PBXBuildFile; fileRef = DE36DA17287E58C500BCAA97 /* Preview Assets.xcassets */; };
		DE36DA22287E58C500BCAA97 /* myPokedexTests.swift in Sources */ = {isa = PBXBuildFile; fileRef = DE36DA21287E58C500BCAA97 /* myPokedexTests.swift */; };
		DE36DA2C287E58C500BCAA97 /* myPokedexUITests.swift in Sources */ = {isa = PBXBuildFile; fileRef = DE36DA2B287E58C500BCAA97 /* myPokedexUITests.swift */; };
		DE36DA2E287E58C500BCAA97 /* myPokedexUITestsLaunchTests.swift in Sources */ = {isa = PBXBuildFile; fileRef = DE36DA2D287E58C500BCAA97 /* myPokedexUITestsLaunchTests.swift */; };
/* End PBXBuildFile section */

/* Begin PBXContainerItemProxy section */
		DE36DA1E287E58C500BCAA97 /* PBXContainerItemProxy */ = {
			isa = PBXContainerItemProxy;
			containerPortal = DE36DA05287E58C300BCAA97 /* Project object */;
			proxyType = 1;
			remoteGlobalIDString = DE36DA0C287E58C300BCAA97;
			remoteInfo = myPokedex;
		};
		DE36DA28287E58C500BCAA97 /* PBXContainerItemProxy */ = {
			isa = PBXContainerItemProxy;
			containerPortal = DE36DA05287E58C300BCAA97 /* Project object */;
			proxyType = 1;
			remoteGlobalIDString = DE36DA0C287E58C300BCAA97;
			remoteInfo = myPokedex;
		};
/* End PBXContainerItemProxy section */

/* Begin PBXFileReference section */
		DE36DA0D287E58C300BCAA97 /* myPokedex.app */ = {isa = PBXFileReference; explicitFileType = wrapper.application; includeInIndex = 0; path = myPokedex.app; sourceTree = BUILT_PRODUCTS_DIR; };
		DE36DA10287E58C300BCAA97 /* myPokedexApp.swift */ = {isa = PBXFileReference; lastKnownFileType = sourcecode.swift; path = myPokedexApp.swift; sourceTree = "<group>"; };
		DE36DA12287E58C300BCAA97 /* ContentView.swift */ = {isa = PBXFileReference; lastKnownFileType = sourcecode.swift; path = ContentView.swift; sourceTree = "<group>"; };
		DE36DA14287E58C500BCAA97 /* Assets.xcassets */ = {isa = PBXFileReference; lastKnownFileType = folder.assetcatalog; path = Assets.xcassets; sourceTree = "<group>"; };
		DE36DA17287E58C500BCAA97 /* Preview Assets.xcassets */ = {isa = PBXFileReference; lastKnownFileType = folder.assetcatalog; path = "Preview Assets.xcassets"; sourceTree = "<group>"; };
		DE36DA1D287E58C500BCAA97 /* myPokedexTests.xctest */ = {isa = PBXFileReference; explicitFileType = wrapper.cfbundle; includeInIndex = 0; path = myPokedexTests.xctest; sourceTree = BUILT_PRODUCTS_DIR; };
		DE36DA21287E58C500BCAA97 /* myPokedexTests.swift */ = {isa = PBXFileReference; lastKnownFileType = sourcecode.swift; path = myPokedexTests.swift; sourceTree = "<group>"; };
		DE36DA27287E58C500BCAA97 /* myPokedexUITests.xctest */ = {isa = PBXFileReference; explicitFileType = wrapper.cfbundle; includeInIndex = 0; path = myPokedexUITests.xctest; sourceTree = BUILT_PRODUCTS_DIR; };
		DE36DA2B287E58C500BCAA97 /* myPokedexUITests.swift */ = {isa = PBXFileReference; lastKnownFileType = sourcecode.swift; path = myPokedexUITests.swift; sourceTree = "<group>"; };
		DE36DA2D287E58C500BCAA97 /* myPokedexUITestsLaunchTests.swift */ = {isa = PBXFileReference; lastKnownFileType = sourcecode.swift; path = myPokedexUITestsLaunchTests.swift; sourceTree = "<group>"; };
/* End PBXFileReference section */

/* Begin PBXFrameworksBuildPhase section */
		DE36DA0A287E58C300BCAA97 /* Frameworks */ = {
			isa = PBXFrameworksBuildPhase;
			buildActionMask = 2147483647;
			files = (
			);
			runOnlyForDeploymentPostprocessing = 0;
		};
		DE36DA1A287E58C500BCAA97 /* Frameworks */ = {
			isa = PBXFrameworksBuildPhase;
			buildActionMask = 2147483647;
			files = (
			);
			runOnlyForDeploymentPostprocessing = 0;
		};
		DE36DA24287E58C500BCAA97 /* Frameworks */ = {
			isa = PBXFrameworksBuildPhase;
			buildActionMask = 2147483647;
			files = (
			);
			runOnlyForDeploymentPostprocessing = 0;
		};
/* End PBXFrameworksBuildPhase section */

/* Begin PBXGroup section */
		DE36DA04287E58C300BCAA97 = {
			isa = PBXGroup;
			children = (
				DE36DA0F287E58C300BCAA97 /* myPokedex */,
				DE36DA20287E58C500BCAA97 /* myPokedexTests */,
				DE36DA2A287E58C500BCAA97 /* myPokedexUITests */,
				DE36DA0E287E58C300BCAA97 /* Products */,
			);
			sourceTree = "<group>";
		};
		DE36DA0E287E58C300BCAA97 /* Products */ = {
			isa = PBXGroup;
			children = (
				DE36DA0D287E58C300BCAA97 /* myPokedex.app */,
				DE36DA1D287E58C500BCAA97 /* myPokedexTests.xctest */,
				DE36DA27287E58C500BCAA97 /* myPokedexUITests.xctest */,
			);
			name = Products;
			sourceTree = "<group>";
		};
		DE36DA0F287E58C300BCAA97 /* myPokedex */ = {
			isa = PBXGroup;
			children = (
				DE36DA10287E58C300BCAA97 /* myPokedexApp.swift */,
				DE36DA12287E58C300BCAA97 /* ContentView.swift */,
				DE36DA14287E58C500BCAA97 /* Assets.xcassets */,
				DE36DA16287E58C500BCAA97 /* Preview Content */,
			);
			path = myPokedex;
			sourceTree = "<group>";
		};
		DE36DA16287E58C500BCAA97 /* Preview Content */ = {
			isa = PBXGroup;
			children = (
				DE36DA17287E58C500BCAA97 /* Preview Assets.xcassets */,
			);
			path = "Preview Content";
			sourceTree = "<group>";
		};
		DE36DA20287E58C500BCAA97 /* myPokedexTests */ = {
			isa = PBXGroup;
			children = (
				DE36DA21287E58C500BCAA97 /* myPokedexTests.swift */,
			);
			path = myPokedexTests;
			sourceTree = "<group>";
		};
		DE36DA2A287E58C500BCAA97 /* myPokedexUITests */ = {
			isa = PBXGroup;
			children = (
				DE36DA2B287E58C500BCAA97 /* myPokedexUITests.swift */,
				DE36DA2D287E58C500BCAA97 /* myPokedexUITestsLaunchTests.swift */,
			);
			path = myPokedexUITests;
			sourceTree = "<group>";
		};
/* End PBXGroup section */

/* Begin PBXNativeTarget section */
		DE36DA0C287E58C300BCAA97 /* myPokedex */ = {
			isa = PBXNativeTarget;
			buildConfigurationList = DE36DA31287E58C500BCAA97 /* Build configuration list for PBXNativeTarget "myPokedex" */;
			buildPhases = (
				DE36DA09287E58C300BCAA97 /* Sources */,
				DE36DA0A287E58C300BCAA97 /* Frameworks */,
				DE36DA0B287E58C300BCAA97 /* Resources */,
			);
			buildRules = (
			);
			dependencies = (
			);
			name = myPokedex;
			productName = myPokedex;
			productReference = DE36DA0D287E58C300BCAA97 /* myPokedex.app */;
			productType = "com.apple.product-type.application";
		};
		DE36DA1C287E58C500BCAA97 /* myPokedexTests */ = {
			isa = PBXNativeTarget;
			buildConfigurationList = DE36DA34287E58C500BCAA97 /* Build configuration list for PBXNativeTarget "myPokedexTests" */;
			buildPhases = (
				DE36DA19287E58C500BCAA97 /* Sources */,
				DE36DA1A287E58C500BCAA97 /* Frameworks */,
				DE36DA1B287E58C500BCAA97 /* Resources */,
			);
			buildRules = (
			);
			dependencies = (
				DE36DA1F287E58C500BCAA97 /* PBXTargetDependency */,
			);
			name = myPokedexTests;
			productName = myPokedexTests;
			productReference = DE36DA1D287E58C500BCAA97 /* myPokedexTests.xctest */;
			productType = "com.apple.product-type.bundle.unit-test";
		};
		DE36DA26287E58C500BCAA97 /* myPokedexUITests */ = {
			isa = PBXNativeTarget;
			buildConfigurationList = DE36DA37287E58C500BCAA97 /* Build configuration list for PBXNativeTarget "myPokedexUITests" */;
			buildPhases = (
				DE36DA23287E58C500BCAA97 /* Sources */,
				DE36DA24287E58C500BCAA97 /* Frameworks */,
				DE36DA25287E58C500BCAA97 /* Resources */,
			);
			buildRules = (
			);
			dependencies = (
				DE36DA29287E58C500BCAA97 /* PBXTargetDependency */,
			);
			name = myPokedexUITests;
			productName = myPokedexUITests;
			productReference = DE36DA27287E58C500BCAA97 /* myPokedexUITests.xctest */;
			productType = "com.apple.product-type.bundle.ui-testing";
		};
/* End PBXNativeTarget section */

/* Begin PBXProject section */
		DE36DA05287E58C300BCAA97 /* Project object */ = {
			isa = PBXProject;
			attributes = {
				BuildIndependentTargetsInParallel = 1;
				LastSwiftUpdateCheck = 1340;
				LastUpgradeCheck = 1340;
				TargetAttributes = {
					DE36DA0C287E58C300BCAA97 = {
						CreatedOnToolsVersion = 13.4.1;
					};
					DE36DA1C287E58C500BCAA97 = {
						CreatedOnToolsVersion = 13.4.1;
						TestTargetID = DE36DA0C287E58C300BCAA97;
					};
					DE36DA26287E58C500BCAA97 = {
						CreatedOnToolsVersion = 13.4.1;
						TestTargetID = DE36DA0C287E58C300BCAA97;
					};
				};
			};
			buildConfigurationList = DE36DA08287E58C300BCAA97 /* Build configuration list for PBXProject "myPokedex" */;
			compatibilityVersion = "Xcode 13.0";
			developmentRegion = en;
			hasScannedForEncodings = 0;
			knownRegions = (
				en,
				Base,
			);
			mainGroup = DE36DA04287E58C300BCAA97;
			productRefGroup = DE36DA0E287E58C300BCAA97 /* Products */;
			projectDirPath = "";
			projectRoot = "";
			targets = (
				DE36DA0C287E58C300BCAA97 /* myPokedex */,
				DE36DA1C287E58C500BCAA97 /* myPokedexTests */,
				DE36DA26287E58C500BCAA97 /* myPokedexUITests */,
			);
		};
/* End PBXProject section */

/* Begin PBXResourcesBuildPhase section */
		DE36DA0B287E58C300BCAA97 /* Resources */ = {
			isa = PBXResourcesBuildPhase;
			buildActionMask = 2147483647;
			files = (
				DE36DA18287E58C500BCAA97 /* Preview Assets.xcassets in Resources */,
				DE36DA15287E58C500BCAA97 /* Assets.xcassets in Resources */,
			);
			runOnlyForDeploymentPostprocessing = 0;
		};
		DE36DA1B287E58C500BCAA97 /* Resources */ = {
			isa = PBXResourcesBuildPhase;
			buildActionMask = 2147483647;
			files = (
			);
			runOnlyForDeploymentPostprocessing = 0;
		};
		DE36DA25287E58C500BCAA97 /* Resources */ = {
			isa = PBXResourcesBuildPhase;
			buildActionMask = 2147483647;
			files = (
			);
			runOnlyForDeploymentPostprocessing = 0;
		};
/* End PBXResourcesBuildPhase section */

/* Begin PBXSourcesBuildPhase section */
		DE36DA09287E58C300BCAA97 /* Sources */ = {
			isa = PBXSourcesBuildPhase;
			buildActionMask = 2147483647;
			files = (
				DE36DA13287E58C300BCAA97 /* ContentView.swift in Sources */,
				DE36DA11287E58C300BCAA97 /* myPokedexApp.swift in Sources */,
			);
			runOnlyForDeploymentPostprocessing = 0;
		};
		DE36DA19287E58C500BCAA97 /* Sources */ = {
			isa = PBXSourcesBuildPhase;
			buildActionMask = 2147483647;
			files = (
				DE36DA22287E58C500BCAA97 /* myPokedexTests.swift in Sources */,
			);
			runOnlyForDeploymentPostprocessing = 0;
		};
		DE36DA23287E58C500BCAA97 /* Sources */ = {
			isa = PBXSourcesBuildPhase;
			buildActionMask = 2147483647;
			files = (
				DE36DA2C287E58C500BCAA97 /* myPokedexUITests.swift in Sources */,
				DE36DA2E287E58C500BCAA97 /* myPokedexUITestsLaunchTests.swift in Sources */,
			);
			runOnlyForDeploymentPostprocessing = 0;
		};
/* End PBXSourcesBuildPhase section */

/* Begin PBXTargetDependency section */
		DE36DA1F287E58C500BCAA97 /* PBXTargetDependency */ = {
			isa = PBXTargetDependency;
			target = DE36DA0C287E58C300BCAA97 /* myPokedex */;
			targetProxy = DE36DA1E287E58C500BCAA97 /* PBXContainerItemProxy */;
		};
		DE36DA29287E58C500BCAA97 /* PBXTargetDependency */ = {
			isa = PBXTargetDependency;
			target = DE36DA0C287E58C300BCAA97 /* myPokedex */;
			targetProxy = DE36DA28287E58C500BCAA97 /* PBXContainerItemProxy */;
		};
/* End PBXTargetDependency section */

/* Begin XCBuildConfiguration section */
		DE36DA2F287E58C500BCAA97 /* Debug */ = {
			isa = XCBuildConfiguration;
			buildSettings = {
				ALWAYS_SEARCH_USER_PATHS = NO;
				CLANG_ANALYZER_NONNULL = YES;
				CLANG_ANALYZER_NUMBER_OBJECT_CONVERSION = YES_AGGRESSIVE;
				CLANG_CXX_LANGUAGE_STANDARD = "gnu++17";
				CLANG_ENABLE_MODULES = YES;
				CLANG_ENABLE_OBJC_ARC = YES;
				CLANG_ENABLE_OBJC_WEAK = YES;
				CLANG_WARN_BLOCK_CAPTURE_AUTORELEASING = YES;
				CLANG_WARN_BOOL_CONVERSION = YES;
				CLANG_WARN_COMMA = YES;
				CLANG_WARN_CONSTANT_CONVERSION = YES;
				CLANG_WARN_DEPRECATED_OBJC_IMPLEMENTATIONS = YES;
				CLANG_WARN_DIRECT_OBJC_ISA_USAGE = YES_ERROR;
				CLANG_WARN_DOCUMENTATION_COMMENTS = YES;
				CLANG_WARN_EMPTY_BODY = YES;
				CLANG_WARN_ENUM_CONVERSION = YES;
				CLANG_WARN_INFINITE_RECURSION = YES;
				CLANG_WARN_INT_CONVERSION = YES;
				CLANG_WARN_NON_LITERAL_NULL_CONVERSION = YES;
				CLANG_WARN_OBJC_IMPLICIT_RETAIN_SELF = YES;
				CLANG_WARN_OBJC_LITERAL_CONVERSION = YES;
				CLANG_WARN_OBJC_ROOT_CLASS = YES_ERROR;
				CLANG_WARN_QUOTED_INCLUDE_IN_FRAMEWORK_HEADER = YES;
				CLANG_WARN_RANGE_LOOP_ANALYSIS = YES;
				CLANG_WARN_STRICT_PROTOTYPES = YES;
				CLANG_WARN_SUSPICIOUS_MOVE = YES;
				CLANG_WARN_UNGUARDED_AVAILABILITY = YES_AGGRESSIVE;
				CLANG_WARN_UNREACHABLE_CODE = YES;
				CLANG_WARN__DUPLICATE_METHOD_MATCH = YES;
				COPY_PHASE_STRIP = NO;
				DEBUG_INFORMATION_FORMAT = dwarf;
				ENABLE_STRICT_OBJC_MSGSEND = YES;
				ENABLE_TESTABILITY = YES;
				GCC_C_LANGUAGE_STANDARD = gnu11;
				GCC_DYNAMIC_NO_PIC = NO;
				GCC_NO_COMMON_BLOCKS = YES;
				GCC_OPTIMIZATION_LEVEL = 0;
				GCC_PREPROCESSOR_DEFINITIONS = (
					"DEBUG=1",
					"$(inherited)",
				);
				GCC_WARN_64_TO_32_BIT_CONVERSION = YES;
				GCC_WARN_ABOUT_RETURN_TYPE = YES_ERROR;
				GCC_WARN_UNDECLARED_SELECTOR = YES;
				GCC_WARN_UNINITIALIZED_AUTOS = YES_AGGRESSIVE;
				GCC_WARN_UNUSED_FUNCTION = YES;
				GCC_WARN_UNUSED_VARIABLE = YES;
				IPHONEOS_DEPLOYMENT_TARGET = 15.5;
				MTL_ENABLE_DEBUG_INFO = INCLUDE_SOURCE;
				MTL_FAST_MATH = YES;
				ONLY_ACTIVE_ARCH = YES;
				SDKROOT = iphoneos;
				SWIFT_ACTIVE_COMPILATION_CONDITIONS = DEBUG;
				SWIFT_OPTIMIZATION_LEVEL = "-Onone";
			};
			name = Debug;
		};
		DE36DA30287E58C500BCAA97 /* Release */ = {
			isa = XCBuildConfiguration;
			buildSettings = {
				ALWAYS_SEARCH_USER_PATHS = NO;
				CLANG_ANALYZER_NONNULL = YES;
				CLANG_ANALYZER_NUMBER_OBJECT_CONVERSION = YES_AGGRESSIVE;
				CLANG_CXX_LANGUAGE_STANDARD = "gnu++17";
				CLANG_ENABLE_MODULES = YES;
				CLANG_ENABLE_OBJC_ARC = YES;
				CLANG_ENABLE_OBJC_WEAK = YES;
				CLANG_WARN_BLOCK_CAPTURE_AUTORELEASING = YES;
				CLANG_WARN_BOOL_CONVERSION = YES;
				CLANG_WARN_COMMA = YES;
				CLANG_WARN_CONSTANT_CONVERSION = YES;
				CLANG_WARN_DEPRECATED_OBJC_IMPLEMENTATIONS = YES;
				CLANG_WARN_DIRECT_OBJC_ISA_USAGE = YES_ERROR;
				CLANG_WARN_DOCUMENTATION_COMMENTS = YES;
				CLANG_WARN_EMPTY_BODY = YES;
				CLANG_WARN_ENUM_CONVERSION = YES;
				CLANG_WARN_INFINITE_RECURSION = YES;
				CLANG_WARN_INT_CONVERSION = YES;
				CLANG_WARN_NON_LITERAL_NULL_CONVERSION = YES;
				CLANG_WARN_OBJC_IMPLICIT_RETAIN_SELF = YES;
				CLANG_WARN_OBJC_LITERAL_CONVERSION = YES;
				CLANG_WARN_OBJC_ROOT_CLASS = YES_ERROR;
				CLANG_WARN_QUOTED_INCLUDE_IN_FRAMEWORK_HEADER = YES;
				CLANG_WARN_RANGE_LOOP_ANALYSIS = YES;
				CLANG_WARN_STRICT_PROTOTYPES = YES;
				CLANG_WARN_SUSPICIOUS_MOVE = YES;
				CLANG_WARN_UNGUARDED_AVAILABILITY = YES_AGGRESSIVE;
				CLANG_WARN_UNREACHABLE_CODE = YES;
				CLANG_WARN__DUPLICATE_METHOD_MATCH = YES;
				COPY_PHASE_STRIP = NO;
				DEBUG_INFORMATION_FORMAT = "dwarf-with-dsym";
				ENABLE_NS_ASSERTIONS = NO;
				ENABLE_STRICT_OBJC_MSGSEND = YES;
				GCC_C_LANGUAGE_STANDARD = gnu11;
				GCC_NO_COMMON_BLOCKS = YES;
				GCC_WARN_64_TO_32_BIT_CONVERSION = YES;
				GCC_WARN_ABOUT_RETURN_TYPE = YES_ERROR;
				GCC_WARN_UNDECLARED_SELECTOR = YES;
				GCC_WARN_UNINITIALIZED_AUTOS = YES_AGGRESSIVE;
				GCC_WARN_UNUSED_FUNCTION = YES;
				GCC_WARN_UNUSED_VARIABLE = YES;
				IPHONEOS_DEPLOYMENT_TARGET = 15.5;
				MTL_ENABLE_DEBUG_INFO = NO;
				MTL_FAST_MATH = YES;
				SDKROOT = iphoneos;
				SWIFT_COMPILATION_MODE = wholemodule;
				SWIFT_OPTIMIZATION_LEVEL = "-O";
				VALIDATE_PRODUCT = YES;
			};
			name = Release;
		};
		DE36DA32287E58C500BCAA97 /* Debug */ = {
			isa = XCBuildConfiguration;
			buildSettings = {
				ASSETCATALOG_COMPILER_APPICON_NAME = AppIcon;
				ASSETCATALOG_COMPILER_GLOBAL_ACCENT_COLOR_NAME = AccentColor;
				CODE_SIGN_STYLE = Automatic;
				CURRENT_PROJECT_VERSION = 1;
				DEVELOPMENT_ASSET_PATHS = "\"myPokedex/Preview Content\"";
				DEVELOPMENT_TEAM = T22LLLY7PY;
				ENABLE_PREVIEWS = YES;
				GENERATE_INFOPLIST_FILE = YES;
				INFOPLIST_KEY_UIApplicationSceneManifest_Generation = YES;
				INFOPLIST_KEY_UIApplicationSupportsIndirectInputEvents = YES;
				INFOPLIST_KEY_UILaunchScreen_Generation = YES;
				INFOPLIST_KEY_UISupportedInterfaceOrientations_iPad = "UIInterfaceOrientationPortrait UIInterfaceOrientationPortraitUpsideDown UIInterfaceOrientationLandscapeLeft UIInterfaceOrientationLandscapeRight";
				INFOPLIST_KEY_UISupportedInterfaceOrientations_iPhone = "UIInterfaceOrientationPortrait UIInterfaceOrientationLandscapeLeft UIInterfaceOrientationLandscapeRight";
				LD_RUNPATH_SEARCH_PATHS = (
					"$(inherited)",
					"@executable_path/Frameworks",
				);
				MARKETING_VERSION = 1.0;
				PRODUCT_BUNDLE_IDENTIFIER = com.signup.myPokedex;
				PRODUCT_NAME = "$(TARGET_NAME)";
				SWIFT_EMIT_LOC_STRINGS = YES;
				SWIFT_VERSION = 5.0;
				TARGETED_DEVICE_FAMILY = "1,2";
			};
			name = Debug;
		};
		DE36DA33287E58C500BCAA97 /* Release */ = {
			isa = XCBuildConfiguration;
			buildSettings = {
				ASSETCATALOG_COMPILER_APPICON_NAME = AppIcon;
				ASSETCATALOG_COMPILER_GLOBAL_ACCENT_COLOR_NAME = AccentColor;
				CODE_SIGN_STYLE = Automatic;
				CURRENT_PROJECT_VERSION = 1;
				DEVELOPMENT_ASSET_PATHS = "\"myPokedex/Preview Content\"";
				DEVELOPMENT_TEAM = T22LLLY7PY;
				ENABLE_PREVIEWS = YES;
				GENERATE_INFOPLIST_FILE = YES;
				INFOPLIST_KEY_UIApplicationSceneManifest_Generation = YES;
				INFOPLIST_KEY_UIApplicationSupportsIndirectInputEvents = YES;
				INFOPLIST_KEY_UILaunchScreen_Generation = YES;
				INFOPLIST_KEY_UISupportedInterfaceOrientations_iPad = "UIInterfaceOrientationPortrait UIInterfaceOrientationPortraitUpsideDown UIInterfaceOrientationLandscapeLeft UIInterfaceOrientationLandscapeRight";
				INFOPLIST_KEY_UISupportedInterfaceOrientations_iPhone = "UIInterfaceOrientationPortrait UIInterfaceOrientationLandscapeLeft UIInterfaceOrientationLandscapeRight";
				LD_RUNPATH_SEARCH_PATHS = (
					"$(inherited)",
					"@executable_path/Frameworks",
				);
				MARKETING_VERSION = 1.0;
				PRODUCT_BUNDLE_IDENTIFIER = com.signup.myPokedex;
				PRODUCT_NAME = "$(TARGET_NAME)";
				SWIFT_EMIT_LOC_STRINGS = YES;
				SWIFT_VERSION = 5.0;
				TARGETED_DEVICE_FAMILY = "1,2";
			};
			name = Release;
		};
		DE36DA35287E58C500BCAA97 /* Debug */ = {
			isa = XCBuildConfiguration;
			buildSettings = {
				ALWAYS_EMBED_SWIFT_STANDARD_LIBRARIES = YES;
				BUNDLE_LOADER = "$(TEST_HOST)";
				CODE_SIGN_STYLE = Automatic;
				CURRENT_PROJECT_VERSION = 1;
				DEVELOPMENT_TEAM = T22LLLY7PY;
				GENERATE_INFOPLIST_FILE = YES;
				IPHONEOS_DEPLOYMENT_TARGET = 15.5;
				MARKETING_VERSION = 1.0;
				PRODUCT_BUNDLE_IDENTIFIER = com.signup.myPokedexTests;
				PRODUCT_NAME = "$(TARGET_NAME)";
				SWIFT_EMIT_LOC_STRINGS = NO;
				SWIFT_VERSION = 5.0;
				TARGETED_DEVICE_FAMILY = "1,2";
				TEST_HOST = "$(BUILT_PRODUCTS_DIR)/myPokedex.app/myPokedex";
			};
			name = Debug;
		};
		DE36DA36287E58C500BCAA97 /* Release */ = {
			isa = XCBuildConfiguration;
			buildSettings = {
				ALWAYS_EMBED_SWIFT_STANDARD_LIBRARIES = YES;
				BUNDLE_LOADER = "$(TEST_HOST)";
				CODE_SIGN_STYLE = Automatic;
				CURRENT_PROJECT_VERSION = 1;
				DEVELOPMENT_TEAM = T22LLLY7PY;
				GENERATE_INFOPLIST_FILE = YES;
				IPHONEOS_DEPLOYMENT_TARGET = 15.5;
				MARKETING_VERSION = 1.0;
				PRODUCT_BUNDLE_IDENTIFIER = com.signup.myPokedexTests;
				PRODUCT_NAME = "$(TARGET_NAME)";
				SWIFT_EMIT_LOC_STRINGS = NO;
				SWIFT_VERSION = 5.0;
				TARGETED_DEVICE_FAMILY = "1,2";
				TEST_HOST = "$(BUILT_PRODUCTS_DIR)/myPokedex.app/myPokedex";
			};
			name = Release;
		};
		DE36DA38287E58C500BCAA97 /* Debug */ = {
			isa = XCBuildConfiguration;
			buildSettings = {
				ALWAYS_EMBED_SWIFT_STANDARD_LIBRARIES = YES;
				CODE_SIGN_STYLE = Automatic;
				CURRENT_PROJECT_VERSION = 1;
				DEVELOPMENT_TEAM = T22LLLY7PY;
				GENERATE_INFOPLIST_FILE = YES;
				MARKETING_VERSION = 1.0;
				PRODUCT_BUNDLE_IDENTIFIER = com.signup.myPokedexUITests;
				PRODUCT_NAME = "$(TARGET_NAME)";
				SWIFT_EMIT_LOC_STRINGS = NO;
				SWIFT_VERSION = 5.0;
				TARGETED_DEVICE_FAMILY = "1,2";
				TEST_TARGET_NAME = myPokedex;
			};
			name = Debug;
		};
		DE36DA39287E58C500BCAA97 /* Release */ = {
			isa = XCBuildConfiguration;
			buildSettings = {
				ALWAYS_EMBED_SWIFT_STANDARD_LIBRARIES = YES;
				CODE_SIGN_STYLE = Automatic;
				CURRENT_PROJECT_VERSION = 1;
				DEVELOPMENT_TEAM = T22LLLY7PY;
				GENERATE_INFOPLIST_FILE = YES;
				MARKETING_VERSION = 1.0;
				PRODUCT_BUNDLE_IDENTIFIER = com.signup.myPokedexUITests;
				PRODUCT_NAME = "$(TARGET_NAME)";
				SWIFT_EMIT_LOC_STRINGS = NO;
				SWIFT_VERSION = 5.0;
				TARGETED_DEVICE_FAMILY = "1,2";
				TEST_TARGET_NAME = myPokedex;
			};
			name = Release;
		};
/* End XCBuildConfiguration section */

/* Begin XCConfigurationList section */
		DE36DA08287E58C300BCAA97 /* Build configuration list for PBXProject "myPokedex" */ = {
			isa = XCConfigurationList;
			buildConfigurations = (
				DE36DA2F287E58C500BCAA97 /* Debug */,
				DE36DA30287E58C500BCAA97 /* Release */,
			);
			defaultConfigurationIsVisible = 0;
			defaultConfigurationName = Release;
		};
		DE36DA31287E58C500BCAA97 /* Build configuration list for PBXNativeTarget "myPokedex" */ = {
			isa = XCConfigurationList;
			buildConfigurations = (
				DE36DA32287E58C500BCAA97 /* Debug */,
				DE36DA33287E58C500BCAA97 /* Release */,
			);
			defaultConfigurationIsVisible = 0;
			defaultConfigurationName = Release;
		};
		DE36DA34287E58C500BCAA97 /* Build configuration list for PBXNativeTarget "myPokedexTests" */ = {
			isa = XCConfigurationList;
			buildConfigurations = (
				DE36DA35287E58C500BCAA97 /* Debug */,
				DE36DA36287E58C500BCAA97 /* Release */,
			);
			defaultConfigurationIsVisible = 0;
			defaultConfigurationName = Release;
		};
		DE36DA37287E58C500BCAA97 /* Build configuration list for PBXNativeTarget "myPokedexUITests" */ = {
			isa = XCConfigurationList;
			buildConfigurations = (
				DE36DA38287E58C500BCAA97 /* Debug */,
				DE36DA39287E58C500BCAA97 /* Release */,
			);
			defaultConfigurationIsVisible = 0;
			defaultConfigurationName = Release;
		};
/* End XCConfigurationList section */
	};
	rootObject = DE36DA05287E58C300BCAA97 /* Project object */;
}
